// !$*UTF8*$!
{
	archiveVersion = 1;
	classes = {
	};
	objectVersion = 46;
	objects = {

/* Begin PBXBuildFile section */
		C9090F3F1F2A7D550091B02B /* Position_10.sks in Resources */ = {isa = PBXBuildFile; fileRef = C9090F3E1F2A7D550091B02B /* Position_10.sks */; };
		C9090F411F2A9CCE0091B02B /* Position_9.sks in Resources */ = {isa = PBXBuildFile; fileRef = C9090F401F2A9CCE0091B02B /* Position_9.sks */; };
		C90CEB931F1D171300DFE10A /* FloatTutorial.sks in Resources */ = {isa = PBXBuildFile; fileRef = C90CEB921F1D171300DFE10A /* FloatTutorial.sks */; };
		C90CEB951F1D281A00DFE10A /* Float_1.sks in Resources */ = {isa = PBXBuildFile; fileRef = C90CEB941F1D281A00DFE10A /* Float_1.sks */; };
		C90CEB971F1D35E300DFE10A /* Float_3.sks in Resources */ = {isa = PBXBuildFile; fileRef = C90CEB961F1D35E300DFE10A /* Float_3.sks */; };
		C90CEB991F1D528900DFE10A /* Float_4.sks in Resources */ = {isa = PBXBuildFile; fileRef = C90CEB981F1D528900DFE10A /* Float_4.sks */; };
		C92143D41F200D6100824CE1 /* GravityTutorial.sks in Resources */ = {isa = PBXBuildFile; fileRef = C92143D31F200D6100824CE1 /* GravityTutorial.sks */; };
		C92143D61F20299E00824CE1 /* Gravity_3.sks in Resources */ = {isa = PBXBuildFile; fileRef = C92143D51F20299E00824CE1 /* Gravity_3.sks */; };
		C92756B51F26B07B005E2EC7 /* Float_11.sks in Resources */ = {isa = PBXBuildFile; fileRef = C92756B41F26B07B005E2EC7 /* Float_11.sks */; };
		C931AD991F229DD900B5D87E /* Gravity_9.sks in Resources */ = {isa = PBXBuildFile; fileRef = C931AD981F229DD900B5D87E /* Gravity_9.sks */; };
		C931AD9B1F22ACA700B5D87E /* PositionSelection.sks in Resources */ = {isa = PBXBuildFile; fileRef = C931AD9A1F22ACA700B5D87E /* PositionSelection.sks */; };
		C94006591F2F8E0000CF670E /* Float_7.sks in Resources */ = {isa = PBXBuildFile; fileRef = C94006581F2F8E0000CF670E /* Float_7.sks */; };
		C940065B1F2F9D9700CF670E /* Gravity_2.sks in Resources */ = {isa = PBXBuildFile; fileRef = C940065A1F2F9D9700CF670E /* Gravity_2.sks */; };
		C940065D1F2FA2DE00CF670E /* Gravity_5.sks in Resources */ = {isa = PBXBuildFile; fileRef = C940065C1F2FA2DE00CF670E /* Gravity_5.sks */; };
		C940065F1F2FB10200CF670E /* Float_12.sks in Resources */ = {isa = PBXBuildFile; fileRef = C940065E1F2FB10200CF670E /* Float_12.sks */; };
		C947D7B41F1D667500ED0C97 /* Float_5.sks in Resources */ = {isa = PBXBuildFile; fileRef = C947D7B31F1D667500ED0C97 /* Float_5.sks */; };
		C947D7B61F1D6C8100ED0C97 /* Brick.sks in Resources */ = {isa = PBXBuildFile; fileRef = C947D7B51F1D6C8100ED0C97 /* Brick.sks */; };
		C947D7B81F1D755900ED0C97 /* Tap_1.sks in Resources */ = {isa = PBXBuildFile; fileRef = C947D7B71F1D755900ED0C97 /* Tap_1.sks */; };
		C94E65611F17E13A007A19CF /* Tap_3.sks in Resources */ = {isa = PBXBuildFile; fileRef = C94E65601F17E13A007A19CF /* Tap_3.sks */; };
		C94E65631F17EDA2007A19CF /* Tap_2.sks in Resources */ = {isa = PBXBuildFile; fileRef = C94E65621F17EDA2007A19CF /* Tap_2.sks */; };
		C94E65651F17FA0E007A19CF /* Tap_4.sks in Resources */ = {isa = PBXBuildFile; fileRef = C94E65641F17FA0E007A19CF /* Tap_4.sks */; };
		C94E65671F181C07007A19CF /* Tap_5.sks in Resources */ = {isa = PBXBuildFile; fileRef = C94E65661F181C07007A19CF /* Tap_5.sks */; };
		C95959971F27BD1A007DC4BF /* Gravity_10.sks in Resources */ = {isa = PBXBuildFile; fileRef = C95959961F27BD1A007DC4BF /* Gravity_10.sks */; };
		C95EA1C61F2BC10900768CA8 /* Tap_9.sks in Resources */ = {isa = PBXBuildFile; fileRef = C95EA1C51F2BC10900768CA8 /* Tap_9.sks */; };
		C98179971F192853007C38CF /* MainMenu.swift in Sources */ = {isa = PBXBuildFile; fileRef = C98179961F192853007C38CF /* MainMenu.swift */; };
		C981799B1F1941FB007C38CF /* Marker.sks in Resources */ = {isa = PBXBuildFile; fileRef = C981799A1F1941FB007C38CF /* Marker.sks */; };
		C98394A01F265494002CD2DC /* LevelSelection.swift in Sources */ = {isa = PBXBuildFile; fileRef = C983949F1F265494002CD2DC /* LevelSelection.swift */; };
		C98394A21F2659CE002CD2DC /* TapSelection.sks in Resources */ = {isa = PBXBuildFile; fileRef = C98394A11F2659CE002CD2DC /* TapSelection.sks */; };
		C98394A41F265A4F002CD2DC /* FloatSelection.sks in Resources */ = {isa = PBXBuildFile; fileRef = C98394A31F265A4F002CD2DC /* FloatSelection.sks */; };
		C98394A61F265A7B002CD2DC /* GravitySelection.sks in Resources */ = {isa = PBXBuildFile; fileRef = C98394A51F265A7B002CD2DC /* GravitySelection.sks */; };
		C9998EBE1F1E7458007D41DB /* Position_6.sks in Resources */ = {isa = PBXBuildFile; fileRef = C9998EBD1F1E7458007D41DB /* Position_6.sks */; };
		C9998EC01F1E8DC3007D41DB /* Position_7.sks in Resources */ = {isa = PBXBuildFile; fileRef = C9998EBF1F1E8DC3007D41DB /* Position_7.sks */; };
		C9998EC21F1EAF4B007D41DB /* Position_8.sks in Resources */ = {isa = PBXBuildFile; fileRef = C9998EC11F1EAF4B007D41DB /* Position_8.sks */; };
		C9998EC41F1EAFF5007D41DB /* Float_9.sks in Resources */ = {isa = PBXBuildFile; fileRef = C9998EC31F1EAFF5007D41DB /* Float_9.sks */; };
		C9998EC61F1EC9A3007D41DB /* Float_8.sks in Resources */ = {isa = PBXBuildFile; fileRef = C9998EC51F1EC9A3007D41DB /* Float_8.sks */; };
		C9998EC81F1EC9AC007D41DB /* Float_10.sks in Resources */ = {isa = PBXBuildFile; fileRef = C9998EC71F1EC9AC007D41DB /* Float_10.sks */; };
		C9998ECA1F1ED174007D41DB /* Tap_6.sks in Resources */ = {isa = PBXBuildFile; fileRef = C9998EC91F1ED174007D41DB /* Tap_6.sks */; };
		C99DF4011F1692B100D59066 /* Position_2.sks in Resources */ = {isa = PBXBuildFile; fileRef = C99DF4001F1692B100D59066 /* Position_2.sks */; };
		C9D65AE71F154C5A00BDD4CE /* Position_4.sks in Resources */ = {isa = PBXBuildFile; fileRef = C9D65AE61F154C5A00BDD4CE /* Position_4.sks */; };
		C9D65AE91F157D2C00BDD4CE /* PositionTutorial.sks in Resources */ = {isa = PBXBuildFile; fileRef = C9D65AE81F157D2C00BDD4CE /* PositionTutorial.sks */; };
		C9D65AEB1F158F9C00BDD4CE /* Position_1.sks in Resources */ = {isa = PBXBuildFile; fileRef = C9D65AEA1F158F9C00BDD4CE /* Position_1.sks */; };
		C9D9C4E31F13DF41001F1C50 /* AppDelegate.swift in Sources */ = {isa = PBXBuildFile; fileRef = C9D9C4E21F13DF41001F1C50 /* AppDelegate.swift */; };
		C9D9C4E71F13DF41001F1C50 /* Actions.sks in Resources */ = {isa = PBXBuildFile; fileRef = C9D9C4E61F13DF41001F1C50 /* Actions.sks */; };
		C9D9C4E91F13DF41001F1C50 /* GameScene.swift in Sources */ = {isa = PBXBuildFile; fileRef = C9D9C4E81F13DF41001F1C50 /* GameScene.swift */; };
		C9D9C4EB1F13DF41001F1C50 /* GameViewController.swift in Sources */ = {isa = PBXBuildFile; fileRef = C9D9C4EA1F13DF41001F1C50 /* GameViewController.swift */; };
		C9D9C4EE1F13DF41001F1C50 /* Main.storyboard in Resources */ = {isa = PBXBuildFile; fileRef = C9D9C4EC1F13DF41001F1C50 /* Main.storyboard */; };
		C9D9C4F01F13DF41001F1C50 /* Assets.xcassets in Resources */ = {isa = PBXBuildFile; fileRef = C9D9C4EF1F13DF41001F1C50 /* Assets.xcassets */; };
		C9D9C4F31F13DF41001F1C50 /* LaunchScreen.storyboard in Resources */ = {isa = PBXBuildFile; fileRef = C9D9C4F11F13DF41001F1C50 /* LaunchScreen.storyboard */; };
		C9D9C4FE1F13DF41001F1C50 /* TunnelsTests.swift in Sources */ = {isa = PBXBuildFile; fileRef = C9D9C4FD1F13DF41001F1C50 /* TunnelsTests.swift */; };
		C9D9C5091F13DF41001F1C50 /* TunnelsUITests.swift in Sources */ = {isa = PBXBuildFile; fileRef = C9D9C5081F13DF41001F1C50 /* TunnelsUITests.swift */; };
		C9D9C5171F13DF9E001F1C50 /* MSButtonNode.swift in Sources */ = {isa = PBXBuildFile; fileRef = C9D9C5161F13DF9E001F1C50 /* MSButtonNode.swift */; };
		C9D9C5191F13EC9B001F1C50 /* MainMenu.sks in Resources */ = {isa = PBXBuildFile; fileRef = C9D9C5181F13EC9B001F1C50 /* MainMenu.sks */; };
		C9D9C51D1F14269D001F1C50 /* Hero.sks in Resources */ = {isa = PBXBuildFile; fileRef = C9D9C51C1F14269D001F1C50 /* Hero.sks */; };
		C9DEB3AE1F2112DA00BAD3AD /* Gravity_1.sks in Resources */ = {isa = PBXBuildFile; fileRef = C9DEB3AD1F2112DA00BAD3AD /* Gravity_1.sks */; };
		C9E3C3261F16D4E00049338F /* Position_3.sks in Resources */ = {isa = PBXBuildFile; fileRef = C9E3C3251F16D4E00049338F /* Position_3.sks */; };
		C9E3C3281F17D4640049338F /* TapTutorial.sks in Resources */ = {isa = PBXBuildFile; fileRef = C9E3C3271F17D4640049338F /* TapTutorial.sks */; };
		C9E421EE1F2BA5A6009AFAFE /* ModeSelection.sks in Resources */ = {isa = PBXBuildFile; fileRef = C9E421ED1F2BA5A6009AFAFE /* ModeSelection.sks */; };
		C9E421F01F2BA64D009AFAFE /* ModeSelection.swift in Sources */ = {isa = PBXBuildFile; fileRef = C9E421EF1F2BA64D009AFAFE /* ModeSelection.swift */; };
		C9E421F21F2BB4A6009AFAFE /* Gravity_8.sks in Resources */ = {isa = PBXBuildFile; fileRef = C9E421F11F2BB4A6009AFAFE /* Gravity_8.sks */; };
		C9EE41591F21176900D9FBB3 /* Gravity_4.sks in Resources */ = {isa = PBXBuildFile; fileRef = C9EE41581F21176900D9FBB3 /* Gravity_4.sks */; };
		C9EE415B1F21220E00D9FBB3 /* Gravity_6.sks in Resources */ = {isa = PBXBuildFile; fileRef = C9EE415A1F21220E00D9FBB3 /* Gravity_6.sks */; };
		C9EE415D1F2156F900D9FBB3 /* Tap_7.sks in Resources */ = {isa = PBXBuildFile; fileRef = C9EE415C1F2156F900D9FBB3 /* Tap_7.sks */; };
		C9F332D81F1D860400AB7E7E /* Float_6.sks in Resources */ = {isa = PBXBuildFile; fileRef = C9F332D71F1D860400AB7E7E /* Float_6.sks */; };
		C9F730751F16C17B008EEFEE /* Position_5.sks in Resources */ = {isa = PBXBuildFile; fileRef = C9F730741F16C17B008EEFEE /* Position_5.sks */; };
		C9FB7BE41F2259E700252728 /* Gravity_7.sks in Resources */ = {isa = PBXBuildFile; fileRef = C9FB7BE31F2259E700252728 /* Gravity_7.sks */; };
		C9FB7BE61F226C3F00252728 /* Tap_8.sks in Resources */ = {isa = PBXBuildFile; fileRef = C9FB7BE51F226C3F00252728 /* Tap_8.sks */; };
		C9FB7BE81F226FFD00252728 /* Float_2.sks in Resources */ = {isa = PBXBuildFile; fileRef = C9FB7BE71F226FFD00252728 /* Float_2.sks */; };
/* End PBXBuildFile section */

/* Begin PBXContainerItemProxy section */
		C9D9C4FA1F13DF41001F1C50 /* PBXContainerItemProxy */ = {
			isa = PBXContainerItemProxy;
			containerPortal = C9D9C4D71F13DF40001F1C50 /* Project object */;
			proxyType = 1;
			remoteGlobalIDString = C9D9C4DE1F13DF40001F1C50;
			remoteInfo = Tunnels;
		};
		C9D9C5051F13DF41001F1C50 /* PBXContainerItemProxy */ = {
			isa = PBXContainerItemProxy;
			containerPortal = C9D9C4D71F13DF40001F1C50 /* Project object */;
			proxyType = 1;
			remoteGlobalIDString = C9D9C4DE1F13DF40001F1C50;
			remoteInfo = Tunnels;
		};
/* End PBXContainerItemProxy section */

/* Begin PBXFileReference section */
		C9090F3E1F2A7D550091B02B /* Position_10.sks */ = {isa = PBXFileReference; lastKnownFileType = file.sks; path = Position_10.sks; sourceTree = "<group>"; };
		C9090F401F2A9CCE0091B02B /* Position_9.sks */ = {isa = PBXFileReference; lastKnownFileType = file.sks; path = Position_9.sks; sourceTree = "<group>"; };
		C90CEB921F1D171300DFE10A /* FloatTutorial.sks */ = {isa = PBXFileReference; lastKnownFileType = file.sks; path = FloatTutorial.sks; sourceTree = "<group>"; };
		C90CEB941F1D281A00DFE10A /* Float_1.sks */ = {isa = PBXFileReference; lastKnownFileType = file.sks; path = Float_1.sks; sourceTree = "<group>"; };
		C90CEB961F1D35E300DFE10A /* Float_3.sks */ = {isa = PBXFileReference; lastKnownFileType = file.sks; path = Float_3.sks; sourceTree = "<group>"; };
		C90CEB981F1D528900DFE10A /* Float_4.sks */ = {isa = PBXFileReference; lastKnownFileType = file.sks; path = Float_4.sks; sourceTree = "<group>"; };
		C92143D31F200D6100824CE1 /* GravityTutorial.sks */ = {isa = PBXFileReference; lastKnownFileType = file.sks; path = GravityTutorial.sks; sourceTree = "<group>"; };
		C92143D51F20299E00824CE1 /* Gravity_3.sks */ = {isa = PBXFileReference; lastKnownFileType = file.sks; path = Gravity_3.sks; sourceTree = "<group>"; };
		C92756B41F26B07B005E2EC7 /* Float_11.sks */ = {isa = PBXFileReference; lastKnownFileType = file.sks; path = Float_11.sks; sourceTree = "<group>"; };
		C931AD981F229DD900B5D87E /* Gravity_9.sks */ = {isa = PBXFileReference; lastKnownFileType = file.sks; path = Gravity_9.sks; sourceTree = "<group>"; };
		C931AD9A1F22ACA700B5D87E /* PositionSelection.sks */ = {isa = PBXFileReference; lastKnownFileType = file.sks; path = PositionSelection.sks; sourceTree = "<group>"; };
		C94006581F2F8E0000CF670E /* Float_7.sks */ = {isa = PBXFileReference; lastKnownFileType = file.sks; path = Float_7.sks; sourceTree = "<group>"; };
		C940065A1F2F9D9700CF670E /* Gravity_2.sks */ = {isa = PBXFileReference; lastKnownFileType = file.sks; path = Gravity_2.sks; sourceTree = "<group>"; };
		C940065C1F2FA2DE00CF670E /* Gravity_5.sks */ = {isa = PBXFileReference; lastKnownFileType = file.sks; path = Gravity_5.sks; sourceTree = "<group>"; };
		C940065E1F2FB10200CF670E /* Float_12.sks */ = {isa = PBXFileReference; lastKnownFileType = file.sks; path = Float_12.sks; sourceTree = "<group>"; };
		C947D7B31F1D667500ED0C97 /* Float_5.sks */ = {isa = PBXFileReference; lastKnownFileType = file.sks; path = Float_5.sks; sourceTree = "<group>"; };
		C947D7B51F1D6C8100ED0C97 /* Brick.sks */ = {isa = PBXFileReference; lastKnownFileType = file.sks; path = Brick.sks; sourceTree = "<group>"; };
		C947D7B71F1D755900ED0C97 /* Tap_1.sks */ = {isa = PBXFileReference; lastKnownFileType = file.sks; path = Tap_1.sks; sourceTree = "<group>"; };
		C94E65601F17E13A007A19CF /* Tap_3.sks */ = {isa = PBXFileReference; lastKnownFileType = file.sks; path = Tap_3.sks; sourceTree = "<group>"; };
		C94E65621F17EDA2007A19CF /* Tap_2.sks */ = {isa = PBXFileReference; lastKnownFileType = file.sks; path = Tap_2.sks; sourceTree = "<group>"; };
		C94E65641F17FA0E007A19CF /* Tap_4.sks */ = {isa = PBXFileReference; lastKnownFileType = file.sks; path = Tap_4.sks; sourceTree = "<group>"; };
		C94E65661F181C07007A19CF /* Tap_5.sks */ = {isa = PBXFileReference; lastKnownFileType = file.sks; path = Tap_5.sks; sourceTree = "<group>"; };
		C95959961F27BD1A007DC4BF /* Gravity_10.sks */ = {isa = PBXFileReference; lastKnownFileType = file.sks; path = Gravity_10.sks; sourceTree = "<group>"; };
		C95EA1C51F2BC10900768CA8 /* Tap_9.sks */ = {isa = PBXFileReference; lastKnownFileType = file.sks; path = Tap_9.sks; sourceTree = "<group>"; };
		C98179961F192853007C38CF /* MainMenu.swift */ = {isa = PBXFileReference; fileEncoding = 4; lastKnownFileType = sourcecode.swift; path = MainMenu.swift; sourceTree = "<group>"; };
		C981799A1F1941FB007C38CF /* Marker.sks */ = {isa = PBXFileReference; lastKnownFileType = file.sks; path = Marker.sks; sourceTree = "<group>"; };
		C983949F1F265494002CD2DC /* LevelSelection.swift */ = {isa = PBXFileReference; fileEncoding = 4; lastKnownFileType = sourcecode.swift; path = LevelSelection.swift; sourceTree = "<group>"; };
		C98394A11F2659CE002CD2DC /* TapSelection.sks */ = {isa = PBXFileReference; lastKnownFileType = file.sks; path = TapSelection.sks; sourceTree = "<group>"; };
		C98394A31F265A4F002CD2DC /* FloatSelection.sks */ = {isa = PBXFileReference; lastKnownFileType = file.sks; path = FloatSelection.sks; sourceTree = "<group>"; };
		C98394A51F265A7B002CD2DC /* GravitySelection.sks */ = {isa = PBXFileReference; lastKnownFileType = file.sks; path = GravitySelection.sks; sourceTree = "<group>"; };
		C9998EBD1F1E7458007D41DB /* Position_6.sks */ = {isa = PBXFileReference; lastKnownFileType = file.sks; path = Position_6.sks; sourceTree = "<group>"; };
		C9998EBF1F1E8DC3007D41DB /* Position_7.sks */ = {isa = PBXFileReference; lastKnownFileType = file.sks; path = Position_7.sks; sourceTree = "<group>"; };
		C9998EC11F1EAF4B007D41DB /* Position_8.sks */ = {isa = PBXFileReference; lastKnownFileType = file.sks; path = Position_8.sks; sourceTree = "<group>"; };
		C9998EC31F1EAFF5007D41DB /* Float_9.sks */ = {isa = PBXFileReference; lastKnownFileType = file.sks; path = Float_9.sks; sourceTree = "<group>"; };
		C9998EC51F1EC9A3007D41DB /* Float_8.sks */ = {isa = PBXFileReference; lastKnownFileType = file.sks; path = Float_8.sks; sourceTree = "<group>"; };
		C9998EC71F1EC9AC007D41DB /* Float_10.sks */ = {isa = PBXFileReference; lastKnownFileType = file.sks; path = Float_10.sks; sourceTree = "<group>"; };
		C9998EC91F1ED174007D41DB /* Tap_6.sks */ = {isa = PBXFileReference; lastKnownFileType = file.sks; path = Tap_6.sks; sourceTree = "<group>"; };
		C99DF4001F1692B100D59066 /* Position_2.sks */ = {isa = PBXFileReference; lastKnownFileType = file.sks; path = Position_2.sks; sourceTree = "<group>"; };
		C9D65AE61F154C5A00BDD4CE /* Position_4.sks */ = {isa = PBXFileReference; lastKnownFileType = file.sks; path = Position_4.sks; sourceTree = "<group>"; };
		C9D65AE81F157D2C00BDD4CE /* PositionTutorial.sks */ = {isa = PBXFileReference; lastKnownFileType = file.sks; path = PositionTutorial.sks; sourceTree = "<group>"; };
		C9D65AEA1F158F9C00BDD4CE /* Position_1.sks */ = {isa = PBXFileReference; lastKnownFileType = file.sks; path = Position_1.sks; sourceTree = "<group>"; };
		C9D9C4DF1F13DF41001F1C50 /* Tunnels.app */ = {isa = PBXFileReference; explicitFileType = wrapper.application; includeInIndex = 0; path = Tunnels.app; sourceTree = BUILT_PRODUCTS_DIR; };
		C9D9C4E21F13DF41001F1C50 /* AppDelegate.swift */ = {isa = PBXFileReference; lastKnownFileType = sourcecode.swift; path = AppDelegate.swift; sourceTree = "<group>"; };
		C9D9C4E61F13DF41001F1C50 /* Actions.sks */ = {isa = PBXFileReference; lastKnownFileType = file.sks; path = Actions.sks; sourceTree = "<group>"; };
		C9D9C4E81F13DF41001F1C50 /* GameScene.swift */ = {isa = PBXFileReference; lastKnownFileType = sourcecode.swift; path = GameScene.swift; sourceTree = "<group>"; };
		C9D9C4EA1F13DF41001F1C50 /* GameViewController.swift */ = {isa = PBXFileReference; lastKnownFileType = sourcecode.swift; path = GameViewController.swift; sourceTree = "<group>"; };
		C9D9C4ED1F13DF41001F1C50 /* Base */ = {isa = PBXFileReference; lastKnownFileType = file.storyboard; name = Base; path = Base.lproj/Main.storyboard; sourceTree = "<group>"; };
		C9D9C4EF1F13DF41001F1C50 /* Assets.xcassets */ = {isa = PBXFileReference; lastKnownFileType = folder.assetcatalog; path = Assets.xcassets; sourceTree = "<group>"; };
		C9D9C4F21F13DF41001F1C50 /* Base */ = {isa = PBXFileReference; lastKnownFileType = file.storyboard; name = Base; path = Base.lproj/LaunchScreen.storyboard; sourceTree = "<group>"; };
		C9D9C4F41F13DF41001F1C50 /* Info.plist */ = {isa = PBXFileReference; lastKnownFileType = text.plist.xml; path = Info.plist; sourceTree = "<group>"; };
		C9D9C4F91F13DF41001F1C50 /* TunnelsTests.xctest */ = {isa = PBXFileReference; explicitFileType = wrapper.cfbundle; includeInIndex = 0; path = TunnelsTests.xctest; sourceTree = BUILT_PRODUCTS_DIR; };
		C9D9C4FD1F13DF41001F1C50 /* TunnelsTests.swift */ = {isa = PBXFileReference; lastKnownFileType = sourcecode.swift; path = TunnelsTests.swift; sourceTree = "<group>"; };
		C9D9C4FF1F13DF41001F1C50 /* Info.plist */ = {isa = PBXFileReference; lastKnownFileType = text.plist.xml; path = Info.plist; sourceTree = "<group>"; };
		C9D9C5041F13DF41001F1C50 /* TunnelsUITests.xctest */ = {isa = PBXFileReference; explicitFileType = wrapper.cfbundle; includeInIndex = 0; path = TunnelsUITests.xctest; sourceTree = BUILT_PRODUCTS_DIR; };
		C9D9C5081F13DF41001F1C50 /* TunnelsUITests.swift */ = {isa = PBXFileReference; lastKnownFileType = sourcecode.swift; path = TunnelsUITests.swift; sourceTree = "<group>"; };
		C9D9C50A1F13DF41001F1C50 /* Info.plist */ = {isa = PBXFileReference; lastKnownFileType = text.plist.xml; path = Info.plist; sourceTree = "<group>"; };
		C9D9C5161F13DF9E001F1C50 /* MSButtonNode.swift */ = {isa = PBXFileReference; fileEncoding = 4; lastKnownFileType = sourcecode.swift; path = MSButtonNode.swift; sourceTree = "<group>"; };
		C9D9C5181F13EC9B001F1C50 /* MainMenu.sks */ = {isa = PBXFileReference; lastKnownFileType = file.sks; path = MainMenu.sks; sourceTree = "<group>"; };
		C9D9C51C1F14269D001F1C50 /* Hero.sks */ = {isa = PBXFileReference; lastKnownFileType = file.sks; path = Hero.sks; sourceTree = "<group>"; };
		C9DEB3AD1F2112DA00BAD3AD /* Gravity_1.sks */ = {isa = PBXFileReference; lastKnownFileType = file.sks; path = Gravity_1.sks; sourceTree = "<group>"; };
		C9E3C3251F16D4E00049338F /* Position_3.sks */ = {isa = PBXFileReference; lastKnownFileType = file.sks; path = Position_3.sks; sourceTree = "<group>"; };
		C9E3C3271F17D4640049338F /* TapTutorial.sks */ = {isa = PBXFileReference; lastKnownFileType = file.sks; path = TapTutorial.sks; sourceTree = "<group>"; };
		C9E421ED1F2BA5A6009AFAFE /* ModeSelection.sks */ = {isa = PBXFileReference; lastKnownFileType = file.sks; path = ModeSelection.sks; sourceTree = "<group>"; };
		C9E421EF1F2BA64D009AFAFE /* ModeSelection.swift */ = {isa = PBXFileReference; fileEncoding = 4; lastKnownFileType = sourcecode.swift; path = ModeSelection.swift; sourceTree = "<group>"; };
		C9E421F11F2BB4A6009AFAFE /* Gravity_8.sks */ = {isa = PBXFileReference; lastKnownFileType = file.sks; path = Gravity_8.sks; sourceTree = "<group>"; };
		C9EE41581F21176900D9FBB3 /* Gravity_4.sks */ = {isa = PBXFileReference; lastKnownFileType = file.sks; path = Gravity_4.sks; sourceTree = "<group>"; };
		C9EE415A1F21220E00D9FBB3 /* Gravity_6.sks */ = {isa = PBXFileReference; lastKnownFileType = file.sks; path = Gravity_6.sks; sourceTree = "<group>"; };
		C9EE415C1F2156F900D9FBB3 /* Tap_7.sks */ = {isa = PBXFileReference; lastKnownFileType = file.sks; path = Tap_7.sks; sourceTree = "<group>"; };
		C9F332D71F1D860400AB7E7E /* Float_6.sks */ = {isa = PBXFileReference; lastKnownFileType = file.sks; path = Float_6.sks; sourceTree = "<group>"; };
		C9F730741F16C17B008EEFEE /* Position_5.sks */ = {isa = PBXFileReference; lastKnownFileType = file.sks; path = Position_5.sks; sourceTree = "<group>"; };
		C9FB7BE31F2259E700252728 /* Gravity_7.sks */ = {isa = PBXFileReference; lastKnownFileType = file.sks; path = Gravity_7.sks; sourceTree = "<group>"; };
		C9FB7BE51F226C3F00252728 /* Tap_8.sks */ = {isa = PBXFileReference; lastKnownFileType = file.sks; path = Tap_8.sks; sourceTree = "<group>"; };
		C9FB7BE71F226FFD00252728 /* Float_2.sks */ = {isa = PBXFileReference; lastKnownFileType = file.sks; path = Float_2.sks; sourceTree = "<group>"; };
/* End PBXFileReference section */

/* Begin PBXFrameworksBuildPhase section */
		C9D9C4DC1F13DF40001F1C50 /* Frameworks */ = {
			isa = PBXFrameworksBuildPhase;
			buildActionMask = 2147483647;
			files = (
			);
			runOnlyForDeploymentPostprocessing = 0;
		};
		C9D9C4F61F13DF41001F1C50 /* Frameworks */ = {
			isa = PBXFrameworksBuildPhase;
			buildActionMask = 2147483647;
			files = (
			);
			runOnlyForDeploymentPostprocessing = 0;
		};
		C9D9C5011F13DF41001F1C50 /* Frameworks */ = {
			isa = PBXFrameworksBuildPhase;
			buildActionMask = 2147483647;
			files = (
			);
			runOnlyForDeploymentPostprocessing = 0;
		};
/* End PBXFrameworksBuildPhase section */

/* Begin PBXGroup section */
		C92143D01F1FC13A00824CE1 /* Gravity Levels */ = {
			isa = PBXGroup;
			children = (
				C92143D31F200D6100824CE1 /* GravityTutorial.sks */,
				C9DEB3AD1F2112DA00BAD3AD /* Gravity_1.sks */,
				C940065A1F2F9D9700CF670E /* Gravity_2.sks */,
				C92143D51F20299E00824CE1 /* Gravity_3.sks */,
				C9EE41581F21176900D9FBB3 /* Gravity_4.sks */,
				C940065C1F2FA2DE00CF670E /* Gravity_5.sks */,
				C9EE415A1F21220E00D9FBB3 /* Gravity_6.sks */,
				C9FB7BE31F2259E700252728 /* Gravity_7.sks */,
				C9E421F11F2BB4A6009AFAFE /* Gravity_8.sks */,
				C931AD981F229DD900B5D87E /* Gravity_9.sks */,
				C95959961F27BD1A007DC4BF /* Gravity_10.sks */,
			);
			name = "Gravity Levels";
			sourceTree = "<group>";
		};
		C931AD9C1F22AEB300B5D87E /* Selection Scenes */ = {
			isa = PBXGroup;
			children = (
				C931AD9A1F22ACA700B5D87E /* PositionSelection.sks */,
				C98394A11F2659CE002CD2DC /* TapSelection.sks */,
				C98394A31F265A4F002CD2DC /* FloatSelection.sks */,
				C98394A51F265A7B002CD2DC /* GravitySelection.sks */,
			);
			name = "Selection Scenes";
			sourceTree = "<group>";
		};
		C98179941F192346007C38CF /* Position Levels */ = {
			isa = PBXGroup;
			children = (
				C9D65AE81F157D2C00BDD4CE /* PositionTutorial.sks */,
				C9D65AEA1F158F9C00BDD4CE /* Position_1.sks */,
				C99DF4001F1692B100D59066 /* Position_2.sks */,
				C9E3C3251F16D4E00049338F /* Position_3.sks */,
				C9D65AE61F154C5A00BDD4CE /* Position_4.sks */,
				C9F730741F16C17B008EEFEE /* Position_5.sks */,
				C9998EBD1F1E7458007D41DB /* Position_6.sks */,
				C9998EBF1F1E8DC3007D41DB /* Position_7.sks */,
				C9998EC11F1EAF4B007D41DB /* Position_8.sks */,
				C9090F401F2A9CCE0091B02B /* Position_9.sks */,
				C9090F3E1F2A7D550091B02B /* Position_10.sks */,
			);
			name = "Position Levels";
			sourceTree = "<group>";
		};
		C98179951F192380007C38CF /* Tap Levels */ = {
			isa = PBXGroup;
			children = (
				C9E3C3271F17D4640049338F /* TapTutorial.sks */,
				C947D7B71F1D755900ED0C97 /* Tap_1.sks */,
				C94E65621F17EDA2007A19CF /* Tap_2.sks */,
				C94E65601F17E13A007A19CF /* Tap_3.sks */,
				C94E65641F17FA0E007A19CF /* Tap_4.sks */,
				C94E65661F181C07007A19CF /* Tap_5.sks */,
				C9998EC91F1ED174007D41DB /* Tap_6.sks */,
				C9EE415C1F2156F900D9FBB3 /* Tap_7.sks */,
				C9FB7BE51F226C3F00252728 /* Tap_8.sks */,
				C95EA1C51F2BC10900768CA8 /* Tap_9.sks */,
			);
			name = "Tap Levels";
			sourceTree = "<group>";
		};
		C98179981F193E96007C38CF /* Float Levels */ = {
			isa = PBXGroup;
			children = (
				C90CEB921F1D171300DFE10A /* FloatTutorial.sks */,
				C90CEB941F1D281A00DFE10A /* Float_1.sks */,
				C9FB7BE71F226FFD00252728 /* Float_2.sks */,
				C90CEB961F1D35E300DFE10A /* Float_3.sks */,
				C90CEB981F1D528900DFE10A /* Float_4.sks */,
				C947D7B31F1D667500ED0C97 /* Float_5.sks */,
				C9F332D71F1D860400AB7E7E /* Float_6.sks */,
				C94006581F2F8E0000CF670E /* Float_7.sks */,
				C9998EC51F1EC9A3007D41DB /* Float_8.sks */,
				C9998EC31F1EAFF5007D41DB /* Float_9.sks */,
				C9998EC71F1EC9AC007D41DB /* Float_10.sks */,
				C92756B41F26B07B005E2EC7 /* Float_11.sks */,
				C940065E1F2FB10200CF670E /* Float_12.sks */,
			);
			name = "Float Levels";
			sourceTree = "<group>";
		};
		C9D9C4D61F13DF40001F1C50 = {
			isa = PBXGroup;
			children = (
				C9D9C4E11F13DF41001F1C50 /* Tunnels */,
				C9D9C4FC1F13DF41001F1C50 /* TunnelsTests */,
				C9D9C5071F13DF41001F1C50 /* TunnelsUITests */,
				C9D9C4E01F13DF41001F1C50 /* Products */,
			);
			sourceTree = "<group>";
		};
		C9D9C4E01F13DF41001F1C50 /* Products */ = {
			isa = PBXGroup;
			children = (
				C9D9C4DF1F13DF41001F1C50 /* Tunnels.app */,
				C9D9C4F91F13DF41001F1C50 /* TunnelsTests.xctest */,
				C9D9C5041F13DF41001F1C50 /* TunnelsUITests.xctest */,
			);
			name = Products;
			sourceTree = "<group>";
		};
		C9D9C4E11F13DF41001F1C50 /* Tunnels */ = {
			isa = PBXGroup;
			children = (
				C931AD9C1F22AEB300B5D87E /* Selection Scenes */,
				C98179941F192346007C38CF /* Position Levels */,
				C98179951F192380007C38CF /* Tap Levels */,
				C98179981F193E96007C38CF /* Float Levels */,
				C92143D01F1FC13A00824CE1 /* Gravity Levels */,
				C983949F1F265494002CD2DC /* LevelSelection.swift */,
				C98179961F192853007C38CF /* MainMenu.swift */,
				C9D9C5181F13EC9B001F1C50 /* MainMenu.sks */,
				C9E421EF1F2BA64D009AFAFE /* ModeSelection.swift */,
				C9E421ED1F2BA5A6009AFAFE /* ModeSelection.sks */,
				C9D9C51C1F14269D001F1C50 /* Hero.sks */,
				C947D7B51F1D6C8100ED0C97 /* Brick.sks */,
				C9D9C4E21F13DF41001F1C50 /* AppDelegate.swift */,
				C9D9C4E61F13DF41001F1C50 /* Actions.sks */,
				C9D9C4E81F13DF41001F1C50 /* GameScene.swift */,
				C9D9C4EA1F13DF41001F1C50 /* GameViewController.swift */,
				C981799A1F1941FB007C38CF /* Marker.sks */,
				C9D9C5161F13DF9E001F1C50 /* MSButtonNode.swift */,
				C9D9C4EC1F13DF41001F1C50 /* Main.storyboard */,
				C9D9C4EF1F13DF41001F1C50 /* Assets.xcassets */,
				C9D9C4F11F13DF41001F1C50 /* LaunchScreen.storyboard */,
				C9D9C4F41F13DF41001F1C50 /* Info.plist */,
			);
			path = Tunnels;
			sourceTree = "<group>";
		};
		C9D9C4FC1F13DF41001F1C50 /* TunnelsTests */ = {
			isa = PBXGroup;
			children = (
				C9D9C4FD1F13DF41001F1C50 /* TunnelsTests.swift */,
				C9D9C4FF1F13DF41001F1C50 /* Info.plist */,
			);
			path = TunnelsTests;
			sourceTree = "<group>";
		};
		C9D9C5071F13DF41001F1C50 /* TunnelsUITests */ = {
			isa = PBXGroup;
			children = (
				C9D9C5081F13DF41001F1C50 /* TunnelsUITests.swift */,
				C9D9C50A1F13DF41001F1C50 /* Info.plist */,
			);
			path = TunnelsUITests;
			sourceTree = "<group>";
		};
/* End PBXGroup section */

/* Begin PBXNativeTarget section */
		C9D9C4DE1F13DF40001F1C50 /* Tunnels */ = {
			isa = PBXNativeTarget;
			buildConfigurationList = C9D9C50D1F13DF41001F1C50 /* Build configuration list for PBXNativeTarget "Tunnels" */;
			buildPhases = (
				C9D9C4DB1F13DF40001F1C50 /* Sources */,
				C9D9C4DC1F13DF40001F1C50 /* Frameworks */,
				C9D9C4DD1F13DF40001F1C50 /* Resources */,
			);
			buildRules = (
			);
			dependencies = (
			);
			name = Tunnels;
			productName = Tunnels;
			productReference = C9D9C4DF1F13DF41001F1C50 /* Tunnels.app */;
			productType = "com.apple.product-type.application";
		};
		C9D9C4F81F13DF41001F1C50 /* TunnelsTests */ = {
			isa = PBXNativeTarget;
			buildConfigurationList = C9D9C5101F13DF41001F1C50 /* Build configuration list for PBXNativeTarget "TunnelsTests" */;
			buildPhases = (
				C9D9C4F51F13DF41001F1C50 /* Sources */,
				C9D9C4F61F13DF41001F1C50 /* Frameworks */,
				C9D9C4F71F13DF41001F1C50 /* Resources */,
			);
			buildRules = (
			);
			dependencies = (
				C9D9C4FB1F13DF41001F1C50 /* PBXTargetDependency */,
			);
			name = TunnelsTests;
			productName = TunnelsTests;
			productReference = C9D9C4F91F13DF41001F1C50 /* TunnelsTests.xctest */;
			productType = "com.apple.product-type.bundle.unit-test";
		};
		C9D9C5031F13DF41001F1C50 /* TunnelsUITests */ = {
			isa = PBXNativeTarget;
			buildConfigurationList = C9D9C5131F13DF41001F1C50 /* Build configuration list for PBXNativeTarget "TunnelsUITests" */;
			buildPhases = (
				C9D9C5001F13DF41001F1C50 /* Sources */,
				C9D9C5011F13DF41001F1C50 /* Frameworks */,
				C9D9C5021F13DF41001F1C50 /* Resources */,
			);
			buildRules = (
			);
			dependencies = (
				C9D9C5061F13DF41001F1C50 /* PBXTargetDependency */,
			);
			name = TunnelsUITests;
			productName = TunnelsUITests;
			productReference = C9D9C5041F13DF41001F1C50 /* TunnelsUITests.xctest */;
			productType = "com.apple.product-type.bundle.ui-testing";
		};
/* End PBXNativeTarget section */

/* Begin PBXProject section */
		C9D9C4D71F13DF40001F1C50 /* Project object */ = {
			isa = PBXProject;
			attributes = {
				LastSwiftUpdateCheck = 0830;
				LastUpgradeCheck = 0830;
				ORGANIZATIONNAME = "Glenn Chen";
				TargetAttributes = {
					C9D9C4DE1F13DF40001F1C50 = {
						CreatedOnToolsVersion = 8.3.3;
						DevelopmentTeam = G39AQD2R87;
						ProvisioningStyle = Automatic;
					};
					C9D9C4F81F13DF41001F1C50 = {
						CreatedOnToolsVersion = 8.3.3;
						DevelopmentTeam = G39AQD2R87;
						ProvisioningStyle = Automatic;
						TestTargetID = C9D9C4DE1F13DF40001F1C50;
					};
					C9D9C5031F13DF41001F1C50 = {
						CreatedOnToolsVersion = 8.3.3;
						DevelopmentTeam = G39AQD2R87;
						ProvisioningStyle = Automatic;
						TestTargetID = C9D9C4DE1F13DF40001F1C50;
					};
				};
			};
			buildConfigurationList = C9D9C4DA1F13DF40001F1C50 /* Build configuration list for PBXProject "Tunnels" */;
			compatibilityVersion = "Xcode 3.2";
			developmentRegion = English;
			hasScannedForEncodings = 0;
			knownRegions = (
				en,
				Base,
			);
			mainGroup = C9D9C4D61F13DF40001F1C50;
			productRefGroup = C9D9C4E01F13DF41001F1C50 /* Products */;
			projectDirPath = "";
			projectRoot = "";
			targets = (
				C9D9C4DE1F13DF40001F1C50 /* Tunnels */,
				C9D9C4F81F13DF41001F1C50 /* TunnelsTests */,
				C9D9C5031F13DF41001F1C50 /* TunnelsUITests */,
			);
		};
/* End PBXProject section */

/* Begin PBXResourcesBuildPhase section */
		C9D9C4DD1F13DF40001F1C50 /* Resources */ = {
			isa = PBXResourcesBuildPhase;
			buildActionMask = 2147483647;
			files = (
				C92143D41F200D6100824CE1 /* GravityTutorial.sks in Resources */,
				C9EE415D1F2156F900D9FBB3 /* Tap_7.sks in Resources */,
				C94E65671F181C07007A19CF /* Tap_5.sks in Resources */,
				C9DEB3AE1F2112DA00BAD3AD /* Gravity_1.sks in Resources */,
				C940065D1F2FA2DE00CF670E /* Gravity_5.sks in Resources */,
				C9D9C4EE1F13DF41001F1C50 /* Main.storyboard in Resources */,
				C99DF4011F1692B100D59066 /* Position_2.sks in Resources */,
				C9FB7BE41F2259E700252728 /* Gravity_7.sks in Resources */,
				C9E421F21F2BB4A6009AFAFE /* Gravity_8.sks in Resources */,
				C90CEB971F1D35E300DFE10A /* Float_3.sks in Resources */,
				C981799B1F1941FB007C38CF /* Marker.sks in Resources */,
				C9D65AE91F157D2C00BDD4CE /* PositionTutorial.sks in Resources */,
				C9E3C3281F17D4640049338F /* TapTutorial.sks in Resources */,
				C90CEB991F1D528900DFE10A /* Float_4.sks in Resources */,
				C92756B51F26B07B005E2EC7 /* Float_11.sks in Resources */,
				C9E3C3261F16D4E00049338F /* Position_3.sks in Resources */,
				C95959971F27BD1A007DC4BF /* Gravity_10.sks in Resources */,
				C98394A21F2659CE002CD2DC /* TapSelection.sks in Resources */,
				C90CEB951F1D281A00DFE10A /* Float_1.sks in Resources */,
				C9FB7BE61F226C3F00252728 /* Tap_8.sks in Resources */,
				C9EE415B1F21220E00D9FBB3 /* Gravity_6.sks in Resources */,
				C9998EC81F1EC9AC007D41DB /* Float_10.sks in Resources */,
				C9D9C5191F13EC9B001F1C50 /* MainMenu.sks in Resources */,
				C98394A41F265A4F002CD2DC /* FloatSelection.sks in Resources */,
				C9D9C4F01F13DF41001F1C50 /* Assets.xcassets in Resources */,
				C947D7B41F1D667500ED0C97 /* Float_5.sks in Resources */,
				C947D7B81F1D755900ED0C97 /* Tap_1.sks in Resources */,
				C9998ECA1F1ED174007D41DB /* Tap_6.sks in Resources */,
				C9D65AEB1F158F9C00BDD4CE /* Position_1.sks in Resources */,
				C9998EC61F1EC9A3007D41DB /* Float_8.sks in Resources */,
				C98394A61F265A7B002CD2DC /* GravitySelection.sks in Resources */,
				C9EE41591F21176900D9FBB3 /* Gravity_4.sks in Resources */,
				C94E65631F17EDA2007A19CF /* Tap_2.sks in Resources */,
				C9090F3F1F2A7D550091B02B /* Position_10.sks in Resources */,
				C9E421EE1F2BA5A6009AFAFE /* ModeSelection.sks in Resources */,
				C9F730751F16C17B008EEFEE /* Position_5.sks in Resources */,
				C9F332D81F1D860400AB7E7E /* Float_6.sks in Resources */,
				C931AD9B1F22ACA700B5D87E /* PositionSelection.sks in Resources */,
				C931AD991F229DD900B5D87E /* Gravity_9.sks in Resources */,
				C92143D61F20299E00824CE1 /* Gravity_3.sks in Resources */,
				C90CEB931F1D171300DFE10A /* FloatTutorial.sks in Resources */,
				C9998EBE1F1E7458007D41DB /* Position_6.sks in Resources */,
				C9998EC01F1E8DC3007D41DB /* Position_7.sks in Resources */,
				C9D65AE71F154C5A00BDD4CE /* Position_4.sks in Resources */,
				C9FB7BE81F226FFD00252728 /* Float_2.sks in Resources */,
				C94E65651F17FA0E007A19CF /* Tap_4.sks in Resources */,
				C9998EC21F1EAF4B007D41DB /* Position_8.sks in Resources */,
				C94006591F2F8E0000CF670E /* Float_7.sks in Resources */,
				C947D7B61F1D6C8100ED0C97 /* Brick.sks in Resources */,
				C9D9C51D1F14269D001F1C50 /* Hero.sks in Resources */,
				C94E65611F17E13A007A19CF /* Tap_3.sks in Resources */,
				C940065B1F2F9D9700CF670E /* Gravity_2.sks in Resources */,
				C9998EC41F1EAFF5007D41DB /* Float_9.sks in Resources */,
				C9D9C4F31F13DF41001F1C50 /* LaunchScreen.storyboard in Resources */,
				C95EA1C61F2BC10900768CA8 /* Tap_9.sks in Resources */,
				C9D9C4E71F13DF41001F1C50 /* Actions.sks in Resources */,
				C9090F411F2A9CCE0091B02B /* Position_9.sks in Resources */,
				C940065F1F2FB10200CF670E /* Float_12.sks in Resources */,
			);
			runOnlyForDeploymentPostprocessing = 0;
		};
		C9D9C4F71F13DF41001F1C50 /* Resources */ = {
			isa = PBXResourcesBuildPhase;
			buildActionMask = 2147483647;
			files = (
			);
			runOnlyForDeploymentPostprocessing = 0;
		};
		C9D9C5021F13DF41001F1C50 /* Resources */ = {
			isa = PBXResourcesBuildPhase;
			buildActionMask = 2147483647;
			files = (
			);
			runOnlyForDeploymentPostprocessing = 0;
		};
/* End PBXResourcesBuildPhase section */

/* Begin PBXSourcesBuildPhase section */
		C9D9C4DB1F13DF40001F1C50 /* Sources */ = {
			isa = PBXSourcesBuildPhase;
			buildActionMask = 2147483647;
			files = (
				C98179971F192853007C38CF /* MainMenu.swift in Sources */,
				C9D9C4E91F13DF41001F1C50 /* GameScene.swift in Sources */,
				C9D9C4EB1F13DF41001F1C50 /* GameViewController.swift in Sources */,
				C98394A01F265494002CD2DC /* LevelSelection.swift in Sources */,
				C9D9C4E31F13DF41001F1C50 /* AppDelegate.swift in Sources */,
				C9D9C5171F13DF9E001F1C50 /* MSButtonNode.swift in Sources */,
				C9E421F01F2BA64D009AFAFE /* ModeSelection.swift in Sources */,
			);
			runOnlyForDeploymentPostprocessing = 0;
		};
		C9D9C4F51F13DF41001F1C50 /* Sources */ = {
			isa = PBXSourcesBuildPhase;
			buildActionMask = 2147483647;
			files = (
				C9D9C4FE1F13DF41001F1C50 /* TunnelsTests.swift in Sources */,
			);
			runOnlyForDeploymentPostprocessing = 0;
		};
		C9D9C5001F13DF41001F1C50 /* Sources */ = {
			isa = PBXSourcesBuildPhase;
			buildActionMask = 2147483647;
			files = (
				C9D9C5091F13DF41001F1C50 /* TunnelsUITests.swift in Sources */,
			);
			runOnlyForDeploymentPostprocessing = 0;
		};
/* End PBXSourcesBuildPhase section */

/* Begin PBXTargetDependency section */
		C9D9C4FB1F13DF41001F1C50 /* PBXTargetDependency */ = {
			isa = PBXTargetDependency;
			target = C9D9C4DE1F13DF40001F1C50 /* Tunnels */;
			targetProxy = C9D9C4FA1F13DF41001F1C50 /* PBXContainerItemProxy */;
		};
		C9D9C5061F13DF41001F1C50 /* PBXTargetDependency */ = {
			isa = PBXTargetDependency;
			target = C9D9C4DE1F13DF40001F1C50 /* Tunnels */;
			targetProxy = C9D9C5051F13DF41001F1C50 /* PBXContainerItemProxy */;
		};
/* End PBXTargetDependency section */

/* Begin PBXVariantGroup section */
		C9D9C4EC1F13DF41001F1C50 /* Main.storyboard */ = {
			isa = PBXVariantGroup;
			children = (
				C9D9C4ED1F13DF41001F1C50 /* Base */,
			);
			name = Main.storyboard;
			sourceTree = "<group>";
		};
		C9D9C4F11F13DF41001F1C50 /* LaunchScreen.storyboard */ = {
			isa = PBXVariantGroup;
			children = (
				C9D9C4F21F13DF41001F1C50 /* Base */,
			);
			name = LaunchScreen.storyboard;
			sourceTree = "<group>";
		};
/* End PBXVariantGroup section */

/* Begin XCBuildConfiguration section */
		C9D9C50B1F13DF41001F1C50 /* Debug */ = {
			isa = XCBuildConfiguration;
			buildSettings = {
				ALWAYS_SEARCH_USER_PATHS = NO;
				CLANG_ANALYZER_NONNULL = YES;
				CLANG_ANALYZER_NUMBER_OBJECT_CONVERSION = YES_AGGRESSIVE;
				CLANG_CXX_LANGUAGE_STANDARD = "gnu++0x";
				CLANG_CXX_LIBRARY = "libc++";
				CLANG_ENABLE_MODULES = YES;
				CLANG_ENABLE_OBJC_ARC = YES;
				CLANG_WARN_BOOL_CONVERSION = YES;
				CLANG_WARN_CONSTANT_CONVERSION = YES;
				CLANG_WARN_DIRECT_OBJC_ISA_USAGE = YES_ERROR;
				CLANG_WARN_DOCUMENTATION_COMMENTS = YES;
				CLANG_WARN_EMPTY_BODY = YES;
				CLANG_WARN_ENUM_CONVERSION = YES;
				CLANG_WARN_INFINITE_RECURSION = YES;
				CLANG_WARN_INT_CONVERSION = YES;
				CLANG_WARN_OBJC_ROOT_CLASS = YES_ERROR;
				CLANG_WARN_SUSPICIOUS_MOVE = YES;
				CLANG_WARN_UNREACHABLE_CODE = YES;
				CLANG_WARN__DUPLICATE_METHOD_MATCH = YES;
				"CODE_SIGN_IDENTITY[sdk=iphoneos*]" = "iPhone Developer";
				COPY_PHASE_STRIP = NO;
				DEBUG_INFORMATION_FORMAT = dwarf;
				ENABLE_STRICT_OBJC_MSGSEND = YES;
				ENABLE_TESTABILITY = YES;
				GCC_C_LANGUAGE_STANDARD = gnu99;
				GCC_DYNAMIC_NO_PIC = NO;
				GCC_NO_COMMON_BLOCKS = YES;
				GCC_OPTIMIZATION_LEVEL = 0;
				GCC_PREPROCESSOR_DEFINITIONS = (
					"DEBUG=1",
					"$(inherited)",
				);
				GCC_WARN_64_TO_32_BIT_CONVERSION = YES;
				GCC_WARN_ABOUT_RETURN_TYPE = YES_ERROR;
				GCC_WARN_UNDECLARED_SELECTOR = YES;
				GCC_WARN_UNINITIALIZED_AUTOS = YES_AGGRESSIVE;
				GCC_WARN_UNUSED_FUNCTION = YES;
				GCC_WARN_UNUSED_VARIABLE = YES;
				IPHONEOS_DEPLOYMENT_TARGET = 10.3;
				MTL_ENABLE_DEBUG_INFO = YES;
				ONLY_ACTIVE_ARCH = YES;
				SDKROOT = iphoneos;
				SWIFT_ACTIVE_COMPILATION_CONDITIONS = DEBUG;
				SWIFT_OPTIMIZATION_LEVEL = "-Onone";
				TARGETED_DEVICE_FAMILY = "1,2";
			};
			name = Debug;
		};
		C9D9C50C1F13DF41001F1C50 /* Release */ = {
			isa = XCBuildConfiguration;
			buildSettings = {
				ALWAYS_SEARCH_USER_PATHS = NO;
				CLANG_ANALYZER_NONNULL = YES;
				CLANG_ANALYZER_NUMBER_OBJECT_CONVERSION = YES_AGGRESSIVE;
				CLANG_CXX_LANGUAGE_STANDARD = "gnu++0x";
				CLANG_CXX_LIBRARY = "libc++";
				CLANG_ENABLE_MODULES = YES;
				CLANG_ENABLE_OBJC_ARC = YES;
				CLANG_WARN_BOOL_CONVERSION = YES;
				CLANG_WARN_CONSTANT_CONVERSION = YES;
				CLANG_WARN_DIRECT_OBJC_ISA_USAGE = YES_ERROR;
				CLANG_WARN_DOCUMENTATION_COMMENTS = YES;
				CLANG_WARN_EMPTY_BODY = YES;
				CLANG_WARN_ENUM_CONVERSION = YES;
				CLANG_WARN_INFINITE_RECURSION = YES;
				CLANG_WARN_INT_CONVERSION = YES;
				CLANG_WARN_OBJC_ROOT_CLASS = YES_ERROR;
				CLANG_WARN_SUSPICIOUS_MOVE = YES;
				CLANG_WARN_UNREACHABLE_CODE = YES;
				CLANG_WARN__DUPLICATE_METHOD_MATCH = YES;
				"CODE_SIGN_IDENTITY[sdk=iphoneos*]" = "iPhone Developer";
				COPY_PHASE_STRIP = NO;
				DEBUG_INFORMATION_FORMAT = "dwarf-with-dsym";
				ENABLE_NS_ASSERTIONS = NO;
				ENABLE_STRICT_OBJC_MSGSEND = YES;
				GCC_C_LANGUAGE_STANDARD = gnu99;
				GCC_NO_COMMON_BLOCKS = YES;
				GCC_WARN_64_TO_32_BIT_CONVERSION = YES;
				GCC_WARN_ABOUT_RETURN_TYPE = YES_ERROR;
				GCC_WARN_UNDECLARED_SELECTOR = YES;
				GCC_WARN_UNINITIALIZED_AUTOS = YES_AGGRESSIVE;
				GCC_WARN_UNUSED_FUNCTION = YES;
				GCC_WARN_UNUSED_VARIABLE = YES;
				IPHONEOS_DEPLOYMENT_TARGET = 10.3;
				MTL_ENABLE_DEBUG_INFO = NO;
				SDKROOT = iphoneos;
				SWIFT_OPTIMIZATION_LEVEL = "-Owholemodule";
				TARGETED_DEVICE_FAMILY = "1,2";
				VALIDATE_PRODUCT = YES;
			};
			name = Release;
		};
		C9D9C50E1F13DF41001F1C50 /* Debug */ = {
			isa = XCBuildConfiguration;
			buildSettings = {
				ASSETCATALOG_COMPILER_APPICON_NAME = AppIcon;
				DEVELOPMENT_TEAM = G39AQD2R87;
				INFOPLIST_FILE = Tunnels/Info.plist;
				LD_RUNPATH_SEARCH_PATHS = "$(inherited) @executable_path/Frameworks";
				PRODUCT_BUNDLE_IDENTIFIER = com.makeschool.Tunnels;
				PRODUCT_NAME = "$(TARGET_NAME)";
				SWIFT_VERSION = 3.0;
			};
			name = Debug;
		};
		C9D9C50F1F13DF41001F1C50 /* Release */ = {
			isa = XCBuildConfiguration;
			buildSettings = {
				ASSETCATALOG_COMPILER_APPICON_NAME = AppIcon;
				DEVELOPMENT_TEAM = G39AQD2R87;
				INFOPLIST_FILE = Tunnels/Info.plist;
				LD_RUNPATH_SEARCH_PATHS = "$(inherited) @executable_path/Frameworks";
				PRODUCT_BUNDLE_IDENTIFIER = com.makeschool.Tunnels;
				PRODUCT_NAME = "$(TARGET_NAME)";
				SWIFT_VERSION = 3.0;
			};
			name = Release;
		};
		C9D9C5111F13DF41001F1C50 /* Debug */ = {
			isa = XCBuildConfiguration;
			buildSettings = {
				ALWAYS_EMBED_SWIFT_STANDARD_LIBRARIES = YES;
				BUNDLE_LOADER = "$(TEST_HOST)";
				DEVELOPMENT_TEAM = G39AQD2R87;
				INFOPLIST_FILE = TunnelsTests/Info.plist;
				LD_RUNPATH_SEARCH_PATHS = "$(inherited) @executable_path/Frameworks @loader_path/Frameworks";
				PRODUCT_BUNDLE_IDENTIFIER = com.makeschool.TunnelsTests;
				PRODUCT_NAME = "$(TARGET_NAME)";
				SWIFT_VERSION = 3.0;
				TEST_HOST = "$(BUILT_PRODUCTS_DIR)/Tunnels.app/Tunnels";
			};
			name = Debug;
		};
		C9D9C5121F13DF41001F1C50 /* Release */ = {
			isa = XCBuildConfiguration;
			buildSettings = {
				ALWAYS_EMBED_SWIFT_STANDARD_LIBRARIES = YES;
				BUNDLE_LOADER = "$(TEST_HOST)";
				DEVELOPMENT_TEAM = G39AQD2R87;
				INFOPLIST_FILE = TunnelsTests/Info.plist;
				LD_RUNPATH_SEARCH_PATHS = "$(inherited) @executable_path/Frameworks @loader_path/Frameworks";
				PRODUCT_BUNDLE_IDENTIFIER = com.makeschool.TunnelsTests;
				PRODUCT_NAME = "$(TARGET_NAME)";
				SWIFT_VERSION = 3.0;
				TEST_HOST = "$(BUILT_PRODUCTS_DIR)/Tunnels.app/Tunnels";
			};
			name = Release;
		};
		C9D9C5141F13DF41001F1C50 /* Debug */ = {
			isa = XCBuildConfiguration;
			buildSettings = {
				ALWAYS_EMBED_SWIFT_STANDARD_LIBRARIES = YES;
				DEVELOPMENT_TEAM = G39AQD2R87;
				INFOPLIST_FILE = TunnelsUITests/Info.plist;
				LD_RUNPATH_SEARCH_PATHS = "$(inherited) @executable_path/Frameworks @loader_path/Frameworks";
				PRODUCT_BUNDLE_IDENTIFIER = com.makeschool.TunnelsUITests;
				PRODUCT_NAME = "$(TARGET_NAME)";
				SWIFT_VERSION = 3.0;
				TEST_TARGET_NAME = Tunnels;
			};
			name = Debug;
		};
		C9D9C5151F13DF41001F1C50 /* Release */ = {
			isa = XCBuildConfiguration;
			buildSettings = {
				ALWAYS_EMBED_SWIFT_STANDARD_LIBRARIES = YES;
				DEVELOPMENT_TEAM = G39AQD2R87;
				INFOPLIST_FILE = TunnelsUITests/Info.plist;
				LD_RUNPATH_SEARCH_PATHS = "$(inherited) @executable_path/Frameworks @loader_path/Frameworks";
				PRODUCT_BUNDLE_IDENTIFIER = com.makeschool.TunnelsUITests;
				PRODUCT_NAME = "$(TARGET_NAME)";
				SWIFT_VERSION = 3.0;
				TEST_TARGET_NAME = Tunnels;
			};
			name = Release;
		};
/* End XCBuildConfiguration section */

/* Begin XCConfigurationList section */
		C9D9C4DA1F13DF40001F1C50 /* Build configuration list for PBXProject "Tunnels" */ = {
			isa = XCConfigurationList;
			buildConfigurations = (
				C9D9C50B1F13DF41001F1C50 /* Debug */,
				C9D9C50C1F13DF41001F1C50 /* Release */,
			);
			defaultConfigurationIsVisible = 0;
			defaultConfigurationName = Release;
		};
		C9D9C50D1F13DF41001F1C50 /* Build configuration list for PBXNativeTarget "Tunnels" */ = {
			isa = XCConfigurationList;
			buildConfigurations = (
				C9D9C50E1F13DF41001F1C50 /* Debug */,
				C9D9C50F1F13DF41001F1C50 /* Release */,
			);
			defaultConfigurationIsVisible = 0;
			defaultConfigurationName = Release;
		};
		C9D9C5101F13DF41001F1C50 /* Build configuration list for PBXNativeTarget "TunnelsTests" */ = {
			isa = XCConfigurationList;
			buildConfigurations = (
				C9D9C5111F13DF41001F1C50 /* Debug */,
				C9D9C5121F13DF41001F1C50 /* Release */,
			);
			defaultConfigurationIsVisible = 0;
			defaultConfigurationName = Release;
		};
		C9D9C5131F13DF41001F1C50 /* Build configuration list for PBXNativeTarget "TunnelsUITests" */ = {
			isa = XCConfigurationList;
			buildConfigurations = (
				C9D9C5141F13DF41001F1C50 /* Debug */,
				C9D9C5151F13DF41001F1C50 /* Release */,
			);
			defaultConfigurationIsVisible = 0;
			defaultConfigurationName = Release;
		};
/* End XCConfigurationList section */
	};
	rootObject = C9D9C4D71F13DF40001F1C50 /* Project object */;
}
